Microsoft Visual Studio Solution File, Format Version 12.00
# Visual Studio 14
VisualStudioVersion = 14.0.25420.1
MinimumVisualStudioVersion = 10.0.40219.1
Project("{FAE04EC0-301F-11D3-BF4B-00C04F79EFBC}") = "Cognitive.Services.Lab", "Congnitive.Services.Lab\Cognitive.Services.Lab.csproj", "{9EA9A8CB-7B5E-47F1-B2EC-DFA431169058}"
EndProject
Project("{FAE04EC0-301F-11D3-BF4B-00C04F79EFBC}") = "Cognitive.Services.Lab.iOS", "iOS\Cognitive.Services.Lab.iOS.csproj", "{D737CE16-6E63-4AC3-856B-2F9DF3451AB5}"
EndProject
Project("{FAE04EC0-301F-11D3-BF4B-00C04F79EFBC}") = "Cognitive.Services.Lab.Droid", "Droid\Cognitive.Services.Lab.Droid.csproj", "{EAF46ABA-B0CE-47E6-B131-F36FDC9086D3}"
EndProject
Project("{FAE04EC0-301F-11D3-BF4B-00C04F79EFBC}") = "Cognitive.Services.Lab.UWP", "Cognitive.Services.Lab.UWP\Cognitive.Services.Lab.UWP.csproj", "{58F38B45-1E07-4BEA-8F21-895A68413EB7}"
EndProject
Global
	GlobalSection(SolutionConfigurationPlatforms) = preSolution
		Debug|Any CPU = Debug|Any CPU
		Debug|ARM = Debug|ARM
		Debug|iPhone = Debug|iPhone
		Debug|iPhoneSimulator = Debug|iPhoneSimulator
		Debug|x64 = Debug|x64
		Debug|x86 = Debug|x86
		Release|Any CPU = Release|Any CPU
		Release|ARM = Release|ARM
		Release|iPhone = Release|iPhone
		Release|iPhoneSimulator = Release|iPhoneSimulator
		Release|x64 = Release|x64
		Release|x86 = Release|x86
	EndGlobalSection
	GlobalSection(ProjectConfigurationPlatforms) = postSolution
		{9EA9A8CB-7B5E-47F1-B2EC-DFA431169058}.Debug|Any CPU.ActiveCfg = Debug|Any CPU
		{9EA9A8CB-7B5E-47F1-B2EC-DFA431169058}.Debug|Any CPU.Build.0 = Debug|Any CPU
		{9EA9A8CB-7B5E-47F1-B2EC-DFA431169058}.Debug|ARM.ActiveCfg = Debug|Any CPU
		{9EA9A8CB-7B5E-47F1-B2EC-DFA431169058}.Debug|ARM.Build.0 = Debug|Any CPU
		{9EA9A8CB-7B5E-47F1-B2EC-DFA431169058}.Debug|iPhone.ActiveCfg = Debug|Any CPU
		{9EA9A8CB-7B5E-47F1-B2EC-DFA431169058}.Debug|iPhone.Build.0 = Debug|Any CPU
		{9EA9A8CB-7B5E-47F1-B2EC-DFA431169058}.Debug|iPhoneSimulator.ActiveCfg = Debug|Any CPU
		{9EA9A8CB-7B5E-47F1-B2EC-DFA431169058}.Debug|iPhoneSimulator.Build.0 = Debug|Any CPU
		{9EA9A8CB-7B5E-47F1-B2EC-DFA431169058}.Debug|x64.ActiveCfg = Debug|Any CPU
		{9EA9A8CB-7B5E-47F1-B2EC-DFA431169058}.Debug|x64.Build.0 = Debug|Any CPU
		{9EA9A8CB-7B5E-47F1-B2EC-DFA431169058}.Debug|x86.ActiveCfg = Debug|Any CPU
		{9EA9A8CB-7B5E-47F1-B2EC-DFA431169058}.Debug|x86.Build.0 = Debug|Any CPU
		{9EA9A8CB-7B5E-47F1-B2EC-DFA431169058}.Release|Any CPU.ActiveCfg = Release|Any CPU
		{9EA9A8CB-7B5E-47F1-B2EC-DFA431169058}.Release|Any CPU.Build.0 = Release|Any CPU
		{9EA9A8CB-7B5E-47F1-B2EC-DFA431169058}.Release|ARM.ActiveCfg = Release|Any CPU
		{9EA9A8CB-7B5E-47F1-B2EC-DFA431169058}.Release|ARM.Build.0 = Release|Any CPU
		{9EA9A8CB-7B5E-47F1-B2EC-DFA431169058}.Release|iPhone.ActiveCfg = Release|Any CPU
		{9EA9A8CB-7B5E-47F1-B2EC-DFA431169058}.Release|iPhone.Build.0 = Release|Any CPU
		{9EA9A8CB-7B5E-47F1-B2EC-DFA431169058}.Release|iPhoneSimulator.ActiveCfg = Release|Any CPU
		{9EA9A8CB-7B5E-47F1-B2EC-DFA431169058}.Release|iPhoneSimulator.Build.0 = Release|Any CPU
		{9EA9A8CB-7B5E-47F1-B2EC-DFA431169058}.Release|x64.ActiveCfg = Release|Any CPU
		{9EA9A8CB-7B5E-47F1-B2EC-DFA431169058}.Release|x64.Build.0 = Release|Any CPU
		{9EA9A8CB-7B5E-47F1-B2EC-DFA431169058}.Release|x86.ActiveCfg = Release|Any CPU
		{9EA9A8CB-7B5E-47F1-B2EC-DFA431169058}.Release|x86.Build.0 = Release|Any CPU
		{D737CE16-6E63-4AC3-856B-2F9DF3451AB5}.Debug|Any CPU.ActiveCfg = Debug|iPhoneSimulator
		{D737CE16-6E63-4AC3-856B-2F9DF3451AB5}.Debug|Any CPU.Build.0 = Debug|iPhoneSimulator
		{D737CE16-6E63-4AC3-856B-2F9DF3451AB5}.Debug|ARM.ActiveCfg = Debug|iPhone
		{D737CE16-6E63-4AC3-856B-2F9DF3451AB5}.Debug|iPhone.ActiveCfg = Debug|iPhone
		{D737CE16-6E63-4AC3-856B-2F9DF3451AB5}.Debug|iPhone.Build.0 = Debug|iPhone
		{D737CE16-6E63-4AC3-856B-2F9DF3451AB5}.Debug|iPhoneSimulator.ActiveCfg = Debug|iPhoneSimulator
		{D737CE16-6E63-4AC3-856B-2F9DF3451AB5}.Debug|iPhoneSimulator.Build.0 = Debug|iPhoneSimulator
		{D737CE16-6E63-4AC3-856B-2F9DF3451AB5}.Debug|x64.ActiveCfg = Debug|iPhone
		{D737CE16-6E63-4AC3-856B-2F9DF3451AB5}.Debug|x86.ActiveCfg = Debug|iPhone
		{D737CE16-6E63-4AC3-856B-2F9DF3451AB5}.Release|Any CPU.ActiveCfg = Release|iPhone
		{D737CE16-6E63-4AC3-856B-2F9DF3451AB5}.Release|Any CPU.Build.0 = Release|iPhone
		{D737CE16-6E63-4AC3-856B-2F9DF3451AB5}.Release|ARM.ActiveCfg = Release|iPhoneSimulator
		{D737CE16-6E63-4AC3-856B-2F9DF3451AB5}.Release|iPhone.ActiveCfg = Release|iPhone
		{D737CE16-6E63-4AC3-856B-2F9DF3451AB5}.Release|iPhone.Build.0 = Release|iPhone
		{D737CE16-6E63-4AC3-856B-2F9DF3451AB5}.Release|iPhoneSimulator.ActiveCfg = Release|iPhoneSimulator
		{D737CE16-6E63-4AC3-856B-2F9DF3451AB5}.Release|iPhoneSimulator.Build.0 = Release|iPhoneSimulator
		{D737CE16-6E63-4AC3-856B-2F9DF3451AB5}.Release|x64.ActiveCfg = Release|iPhoneSimulator
		{D737CE16-6E63-4AC3-856B-2F9DF3451AB5}.Release|x86.ActiveCfg = Release|iPhoneSimulator
		{EAF46ABA-B0CE-47E6-B131-F36FDC9086D3}.Debug|Any CPU.ActiveCfg = Debug|Any CPU
		{EAF46ABA-B0CE-47E6-B131-F36FDC9086D3}.Debug|Any CPU.Build.0 = Debug|Any CPU
		{EAF46ABA-B0CE-47E6-B131-F36FDC9086D3}.Debug|Any CPU.Deploy.0 = Debug|Any CPU
		{EAF46ABA-B0CE-47E6-B131-F36FDC9086D3}.Debug|ARM.ActiveCfg = Debug|Any CPU
		{EAF46ABA-B0CE-47E6-B131-F36FDC9086D3}.Debug|ARM.Build.0 = Debug|Any CPU
		{EAF46ABA-B0CE-47E6-B131-F36FDC9086D3}.Debug|ARM.Deploy.0 = Debug|Any CPU
		{EAF46ABA-B0CE-47E6-B131-F36FDC9086D3}.Debug|iPhone.ActiveCfg = Debug|Any CPU
		{EAF46ABA-B0CE-47E6-B131-F36FDC9086D3}.Debug|iPhone.Build.0 = Debug|Any CPU
		{EAF46ABA-B0CE-47E6-B131-F36FDC9086D3}.Debug|iPhoneSimulator.ActiveCfg = Debug|Any CPU
		{EAF46ABA-B0CE-47E6-B131-F36FDC9086D3}.Debug|iPhoneSimulator.Build.0 = Debug|Any CPU
		{EAF46ABA-B0CE-47E6-B131-F36FDC9086D3}.Debug|x64.ActiveCfg = Debug|Any CPU
		{EAF46ABA-B0CE-47E6-B131-F36FDC9086D3}.Debug|x64.Build.0 = Debug|Any CPU
		{EAF46ABA-B0CE-47E6-B131-F36FDC9086D3}.Debug|x64.Deploy.0 = Debug|Any CPU
		{EAF46ABA-B0CE-47E6-B131-F36FDC9086D3}.Debug|x86.ActiveCfg = Debug|Any CPU
		{EAF46ABA-B0CE-47E6-B131-F36FDC9086D3}.Debug|x86.Build.0 = Debug|Any CPU
		{EAF46ABA-B0CE-47E6-B131-F36FDC9086D3}.Debug|x86.Deploy.0 = Debug|Any CPU
		{EAF46ABA-B0CE-47E6-B131-F36FDC9086D3}.Release|Any CPU.ActiveCfg = Release|Any CPU
		{EAF46ABA-B0CE-47E6-B131-F36FDC9086D3}.Release|Any CPU.Build.0 = Release|Any CPU
		{EAF46ABA-B0CE-47E6-B131-F36FDC9086D3}.Release|ARM.ActiveCfg = Release|Any CPU
		{EAF46ABA-B0CE-47E6-B131-F36FDC9086D3}.Release|ARM.Build.0 = Release|Any CPU
		{EAF46ABA-B0CE-47E6-B131-F36FDC9086D3}.Release|ARM.Deploy.0 = Release|Any CPU
		{EAF46ABA-B0CE-47E6-B131-F36FDC9086D3}.Release|iPhone.ActiveCfg = Release|Any CPU
		{EAF46ABA-B0CE-47E6-B131-F36FDC9086D3}.Release|iPhone.Build.0 = Release|Any CPU
		{EAF46ABA-B0CE-47E6-B131-F36FDC9086D3}.Release|iPhoneSimulator.ActiveCfg = Release|Any CPU
		{EAF46ABA-B0CE-47E6-B131-F36FDC9086D3}.Release|iPhoneSimulator.Build.0 = Release|Any CPU
		{EAF46ABA-B0CE-47E6-B131-F36FDC9086D3}.Release|x64.ActiveCfg = Release|Any CPU
		{EAF46ABA-B0CE-47E6-B131-F36FDC9086D3}.Release|x64.Build.0 = Release|Any CPU
		{EAF46ABA-B0CE-47E6-B131-F36FDC9086D3}.Release|x64.Deploy.0 = Release|Any CPU
		{EAF46ABA-B0CE-47E6-B131-F36FDC9086D3}.Release|x86.ActiveCfg = Release|Any CPU
		{EAF46ABA-B0CE-47E6-B131-F36FDC9086D3}.Release|x86.Build.0 = Release|Any CPU
		{EAF46ABA-B0CE-47E6-B131-F36FDC9086D3}.Release|x86.Deploy.0 = Release|Any CPU
		{58F38B45-1E07-4BEA-8F21-895A68413EB7}.Debug|Any CPU.ActiveCfg = Debug|x86
		{58F38B45-1E07-4BEA-8F21-895A68413EB7}.Debug|Any CPU.Build.0 = Debug|x86
		{58F38B45-1E07-4BEA-8F21-895A68413EB7}.Debug|Any CPU.Deploy.0 = Debug|x86
		{58F38B45-1E07-4BEA-8F21-895A68413EB7}.Debug|ARM.ActiveCfg = Debug|ARM
		{58F38B45-1E07-4BEA-8F21-895A68413EB7}.Debug|ARM.Build.0 = Debug|ARM
		{58F38B45-1E07-4BEA-8F21-895A68413EB7}.Debug|ARM.Deploy.0 = Debug|ARM
		{58F38B45-1E07-4BEA-8F21-895A68413EB7}.Debug|iPhone.ActiveCfg = Debug|x86
		{58F38B45-1E07-4BEA-8F21-895A68413EB7}.Debug|iPhoneSimulator.ActiveCfg = Debug|x86
		{58F38B45-1E07-4BEA-8F21-895A68413EB7}.Debug|x64.ActiveCfg = Debug|x64
		{58F38B45-1E07-4BEA-8F21-895A68413EB7}.Debug|x64.Build.0 = Debug|x64
		{58F38B45-1E07-4BEA-8F21-895A68413EB7}.Debug|x64.Deploy.0 = Debug|x64
		{58F38B45-1E07-4BEA-8F21-895A68413EB7}.Debug|x86.ActiveCfg = Debug|x86
		{58F38B45-1E07-4BEA-8F21-895A68413EB7}.Debug|x86.Build.0 = Debug|x86
		{58F38B45-1E07-4BEA-8F21-895A68413EB7}.Debug|x86.Deploy.0 = Debug|x86
		{58F38B45-1E07-4BEA-8F21-895A68413EB7}.Release|Any CPU.ActiveCfg = Release|x86
		{58F38B45-1E07-4BEA-8F21-895A68413EB7}.Release|ARM.ActiveCfg = Release|ARM
		{58F38B45-1E07-4BEA-8F21-895A68413EB7}.Release|ARM.Build.0 = Release|ARM
		{58F38B45-1E07-4BEA-8F21-895A68413EB7}.Release|ARM.Deploy.0 = Release|ARM
		{58F38B45-1E07-4BEA-8F21-895A68413EB7}.Release|iPhone.ActiveCfg = Release|x86
		{58F38B45-1E07-4BEA-8F21-895A68413EB7}.Release|iPhoneSimulator.ActiveCfg = Release|x86
		{58F38B45-1E07-4BEA-8F21-895A68413EB7}.Release|x64.ActiveCfg = Release|x64
		{58F38B45-1E07-4BEA-8F21-895A68413EB7}.Release|x64.Build.0 = Release|x64
		{58F38B45-1E07-4BEA-8F21-895A68413EB7}.Release|x64.Deploy.0 = Release|x64
		{58F38B45-1E07-4BEA-8F21-895A68413EB7}.Release|x86.ActiveCfg = Release|x86
		{58F38B45-1E07-4BEA-8F21-895A68413EB7}.Release|x86.Build.0 = Release|x86
		{58F38B45-1E07-4BEA-8F21-895A68413EB7}.Release|x86.Deploy.0 = Release|x86
	EndGlobalSection
	GlobalSection(SolutionProperties) = preSolution
		HideSolutionNode = FALSE
	EndGlobalSection
EndGlobal
